
Microsoft Visual Studio Solution File, Format Version 12.00
# Visual Studio Version 16
VisualStudioVersion = 16.0.30330.147
MinimumVisualStudioVersion = 10.0.40219.1
Project("{FAE04EC0-301F-11D3-BF4B-00C04F79EFBC}") = "PriorityQueue", "PriorityQueue\PriorityQueue.csproj", "{3A71FE8E-4388-4B54-B422-33A7E2736996}"
EndProject
Global
	GlobalSection(SolutionConfigurationPlatforms) = preSolution
		Debug|Any CPU = Debug|Any CPU
		Release|Any CPU = Release|Any CPU
	EndGlobalSection
	GlobalSection(ProjectConfigurationPlatforms) = postSolution
		{3A71FE8E-4388-4B54-B422-33A7E2736996}.Debug|Any CPU.ActiveCfg = Debug|Any CPU
		{3A71FE8E-4388-4B54-B422-33A7E2736996}.Debug|Any CPU.Build.0 = Debug|Any CPU
		{3A71FE8E-4388-4B54-B422-33A7E2736996}.Release|Any CPU.ActiveCfg = Release|Any CPU
		{3A71FE8E-4388-4B54-B422-33A7E2736996}.Release|Any CPU.Build.0 = Release|Any CPU
	EndGlobalSection
	GlobalSection(SolutionProperties) = preSolution
		HideSolutionNode = FALSE
	EndGlobalSection
	GlobalSection(ExtensibilityGlobals) = postSolution
		SolutionGuid = {CBDEECFD-9853-4600-A085-088650105E05}
	EndGlobalSection
EndGlobal
